// !$*UTF8*$!
{
	archiveVersion = 1;
	classes = {
	};
	objectVersion = 56;
	objects = {

/* Begin PBXBuildFile section */
		840ACD632BC017D40019E6C0 /* Extention + UIView.swift in Sources */ = {isa = PBXBuildFile; fileRef = 840ACD622BC017D40019E6C0 /* Extention + UIView.swift */; };
		843B3A522BBF55C30045F7C8 /* TabBarViewController.swift in Sources */ = {isa = PBXBuildFile; fileRef = 843B3A512BBF55C30045F7C8 /* TabBarViewController.swift */; };
		843B3A562BBF63C20045F7C8 /* PersonInfoViewController.swift in Sources */ = {isa = PBXBuildFile; fileRef = 843B3A552BBF63C20045F7C8 /* PersonInfoViewController.swift */; };
		847A5CAD2BBFE9E6000D5D14 /* User.swift in Sources */ = {isa = PBXBuildFile; fileRef = 847A5CAC2BBFE9E6000D5D14 /* User.swift */; };
		84A7A8402BBF066C008A4CAE /* AppDelegate.swift in Sources */ = {isa = PBXBuildFile; fileRef = 84A7A83F2BBF066C008A4CAE /* AppDelegate.swift */; };
		84A7A8422BBF066C008A4CAE /* SceneDelegate.swift in Sources */ = {isa = PBXBuildFile; fileRef = 84A7A8412BBF066C008A4CAE /* SceneDelegate.swift */; };
		84A7A8442BBF066C008A4CAE /* LoginViewController.swift in Sources */ = {isa = PBXBuildFile; fileRef = 84A7A8432BBF066C008A4CAE /* LoginViewController.swift */; };
		84A7A8472BBF066C008A4CAE /* Base in Resources */ = {isa = PBXBuildFile; fileRef = 84A7A8462BBF066C008A4CAE /* Base */; };
		84A7A8492BBF066D008A4CAE /* Assets.xcassets in Resources */ = {isa = PBXBuildFile; fileRef = 84A7A8482BBF066D008A4CAE /* Assets.xcassets */; };
		84A7A84C2BBF066D008A4CAE /* Base in Resources */ = {isa = PBXBuildFile; fileRef = 84A7A84B2BBF066D008A4CAE /* Base */; };
		84A7A8542BBF07C6008A4CAE /* WelcomeViewController.swift in Sources */ = {isa = PBXBuildFile; fileRef = 84A7A8532BBF07C6008A4CAE /* WelcomeViewController.swift */; };
		84A7A8592BBF4644008A4CAE /* BioViewController.swift in Sources */ = {isa = PBXBuildFile; fileRef = 84A7A8582BBF4644008A4CAE /* BioViewController.swift */; };
/* End PBXBuildFile section */

/* Begin PBXFileReference section */
		840ACD622BC017D40019E6C0 /* Extention + UIView.swift */ = {isa = PBXFileReference; lastKnownFileType = sourcecode.swift; path = "Extention + UIView.swift"; sourceTree = "<group>"; };
		843B3A512BBF55C30045F7C8 /* TabBarViewController.swift */ = {isa = PBXFileReference; lastKnownFileType = sourcecode.swift; path = TabBarViewController.swift; sourceTree = "<group>"; };
		843B3A552BBF63C20045F7C8 /* PersonInfoViewController.swift */ = {isa = PBXFileReference; lastKnownFileType = sourcecode.swift; path = PersonInfoViewController.swift; sourceTree = "<group>"; };
		847A5CAC2BBFE9E6000D5D14 /* User.swift */ = {isa = PBXFileReference; lastKnownFileType = sourcecode.swift; path = User.swift; sourceTree = "<group>"; };
		84A7A83C2BBF066C008A4CAE /* AboutMeApp.app */ = {isa = PBXFileReference; explicitFileType = wrapper.application; includeInIndex = 0; path = AboutMeApp.app; sourceTree = BUILT_PRODUCTS_DIR; };
		84A7A83F2BBF066C008A4CAE /* AppDelegate.swift */ = {isa = PBXFileReference; lastKnownFileType = sourcecode.swift; path = AppDelegate.swift; sourceTree = "<group>"; };
		84A7A8412BBF066C008A4CAE /* SceneDelegate.swift */ = {isa = PBXFileReference; lastKnownFileType = sourcecode.swift; path = SceneDelegate.swift; sourceTree = "<group>"; };
		84A7A8432BBF066C008A4CAE /* LoginViewController.swift */ = {isa = PBXFileReference; lastKnownFileType = sourcecode.swift; path = LoginViewController.swift; sourceTree = "<group>"; };
		84A7A8462BBF066C008A4CAE /* Base */ = {isa = PBXFileReference; lastKnownFileType = file.storyboard; name = Base; path = Base.lproj/Main.storyboard; sourceTree = "<group>"; };
		84A7A8482BBF066D008A4CAE /* Assets.xcassets */ = {isa = PBXFileReference; lastKnownFileType = folder.assetcatalog; path = Assets.xcassets; sourceTree = "<group>"; };
		84A7A84B2BBF066D008A4CAE /* Base */ = {isa = PBXFileReference; lastKnownFileType = file.storyboard; name = Base; path = Base.lproj/LaunchScreen.storyboard; sourceTree = "<group>"; };
		84A7A84D2BBF066D008A4CAE /* Info.plist */ = {isa = PBXFileReference; lastKnownFileType = text.plist.xml; path = Info.plist; sourceTree = "<group>"; };
		84A7A8532BBF07C6008A4CAE /* WelcomeViewController.swift */ = {isa = PBXFileReference; lastKnownFileType = sourcecode.swift; path = WelcomeViewController.swift; sourceTree = "<group>"; };
		84A7A8582BBF4644008A4CAE /* BioViewController.swift */ = {isa = PBXFileReference; lastKnownFileType = sourcecode.swift; path = BioViewController.swift; sourceTree = "<group>"; };
/* End PBXFileReference section */

/* Begin PBXFrameworksBuildPhase section */
		84A7A8392BBF066B008A4CAE /* Frameworks */ = {
			isa = PBXFrameworksBuildPhase;
			buildActionMask = 2147483647;
			files = (
			);
			runOnlyForDeploymentPostprocessing = 0;
		};
/* End PBXFrameworksBuildPhase section */

/* Begin PBXGroup section */
		840ACD612BC017940019E6C0 /* Extensions */ = {
			isa = PBXGroup;
			children = (
				840ACD622BC017D40019E6C0 /* Extention + UIView.swift */,
			);
			path = Extensions;
			sourceTree = "<group>";
		};
		847A5CAB2BBFE91D000D5D14 /* Models */ = {
			isa = PBXGroup;
			children = (
				847A5CAC2BBFE9E6000D5D14 /* User.swift */,
			);
			path = Models;
			sourceTree = "<group>";
		};
		84A7A8332BBF066B008A4CAE = {
			isa = PBXGroup;
			children = (
				84A7A83E2BBF066C008A4CAE /* AboutMeApp */,
				84A7A83D2BBF066C008A4CAE /* Products */,
			);
			sourceTree = "<group>";
		};
		84A7A83D2BBF066C008A4CAE /* Products */ = {
			isa = PBXGroup;
			children = (
				84A7A83C2BBF066C008A4CAE /* AboutMeApp.app */,
			);
			name = Products;
			sourceTree = "<group>";
		};
		84A7A83E2BBF066C008A4CAE /* AboutMeApp */ = {
			isa = PBXGroup;
			children = (
				84A7A8552BBF0C47008A4CAE /* ViewControllers */,
				847A5CAB2BBFE91D000D5D14 /* Models */,
				840ACD612BC017940019E6C0 /* Extensions */,
				84A7A8572BBF0C75008A4CAE /* Storyboards */,
				84A7A8562BBF0C65008A4CAE /* App */,
				84A7A8482BBF066D008A4CAE /* Assets.xcassets */,
			);
			path = AboutMeApp;
			sourceTree = "<group>";
		};
		84A7A8552BBF0C47008A4CAE /* ViewControllers */ = {
			isa = PBXGroup;
			children = (
				84A7A8432BBF066C008A4CAE /* LoginViewController.swift */,
				843B3A512BBF55C30045F7C8 /* TabBarViewController.swift */,
				84A7A8532BBF07C6008A4CAE /* WelcomeViewController.swift */,
				843B3A552BBF63C20045F7C8 /* PersonInfoViewController.swift */,
				84A7A8582BBF4644008A4CAE /* BioViewController.swift */,
			);
			path = ViewControllers;
			sourceTree = "<group>";
		};
		84A7A8562BBF0C65008A4CAE /* App */ = {
			isa = PBXGroup;
			children = (
				84A7A83F2BBF066C008A4CAE /* AppDelegate.swift */,
				84A7A8412BBF066C008A4CAE /* SceneDelegate.swift */,
				84A7A84D2BBF066D008A4CAE /* Info.plist */,
			);
			path = App;
			sourceTree = "<group>";
		};
		84A7A8572BBF0C75008A4CAE /* Storyboards */ = {
			isa = PBXGroup;
			children = (
				84A7A8452BBF066C008A4CAE /* Main.storyboard */,
				84A7A84A2BBF066D008A4CAE /* LaunchScreen.storyboard */,
			);
			path = Storyboards;
			sourceTree = "<group>";
		};
/* End PBXGroup section */

/* Begin PBXNativeTarget section */
		84A7A83B2BBF066B008A4CAE /* AboutMeApp */ = {
			isa = PBXNativeTarget;
			buildConfigurationList = 84A7A8502BBF066D008A4CAE /* Build configuration list for PBXNativeTarget "AboutMeApp" */;
			buildPhases = (
				84A7A8382BBF066B008A4CAE /* Sources */,
				84A7A8392BBF066B008A4CAE /* Frameworks */,
				84A7A83A2BBF066B008A4CAE /* Resources */,
			);
			buildRules = (
			);
			dependencies = (
			);
			name = AboutMeApp;
			productName = AboutMeApp;
			productReference = 84A7A83C2BBF066C008A4CAE /* AboutMeApp.app */;
			productType = "com.apple.product-type.application";
		};
/* End PBXNativeTarget section */

/* Begin PBXProject section */
		84A7A8342BBF066B008A4CAE /* Project object */ = {
			isa = PBXProject;
			attributes = {
				BuildIndependentTargetsInParallel = 1;
				LastSwiftUpdateCheck = 1530;
				LastUpgradeCheck = 1530;
				TargetAttributes = {
					84A7A83B2BBF066B008A4CAE = {
						CreatedOnToolsVersion = 15.3;
					};
				};
			};
			buildConfigurationList = 84A7A8372BBF066B008A4CAE /* Build configuration list for PBXProject "AboutMeApp" */;
			compatibilityVersion = "Xcode 14.0";
			developmentRegion = en;
			hasScannedForEncodings = 0;
			knownRegions = (
				en,
				Base,
			);
			mainGroup = 84A7A8332BBF066B008A4CAE;
			productRefGroup = 84A7A83D2BBF066C008A4CAE /* Products */;
			projectDirPath = "";
			projectRoot = "";
			targets = (
				84A7A83B2BBF066B008A4CAE /* AboutMeApp */,
			);
		};
/* End PBXProject section */

/* Begin PBXResourcesBuildPhase section */
		84A7A83A2BBF066B008A4CAE /* Resources */ = {
			isa = PBXResourcesBuildPhase;
			buildActionMask = 2147483647;
			files = (
				84A7A8492BBF066D008A4CAE /* Assets.xcassets in Resources */,
				84A7A84C2BBF066D008A4CAE /* Base in Resources */,
				84A7A8472BBF066C008A4CAE /* Base in Resources */,
			);
			runOnlyForDeploymentPostprocessing = 0;
		};
/* End PBXResourcesBuildPhase section */

/* Begin PBXSourcesBuildPhase section */
		84A7A8382BBF066B008A4CAE /* Sources */ = {
			isa = PBXSourcesBuildPhase;
			buildActionMask = 2147483647;
			files = (
				84A7A8442BBF066C008A4CAE /* LoginViewController.swift in Sources */,
				84A7A8542BBF07C6008A4CAE /* WelcomeViewController.swift in Sources */,
				840ACD632BC017D40019E6C0 /* Extention + UIView.swift in Sources */,
				84A7A8402BBF066C008A4CAE /* AppDelegate.swift in Sources */,
				84A7A8422BBF066C008A4CAE /* SceneDelegate.swift in Sources */,
				847A5CAD2BBFE9E6000D5D14 /* User.swift in Sources */,
				843B3A522BBF55C30045F7C8 /* TabBarViewController.swift in Sources */,
				84A7A8592BBF4644008A4CAE /* BioViewController.swift in Sources */,
				843B3A562BBF63C20045F7C8 /* PersonInfoViewController.swift in Sources */,
			);
			runOnlyForDeploymentPostprocessing = 0;
		};
/* End PBXSourcesBuildPhase section */

/* Begin PBXVariantGroup section */
		84A7A8452BBF066C008A4CAE /* Main.storyboard */ = {
			isa = PBXVariantGroup;
			children = (
				84A7A8462BBF066C008A4CAE /* Base */,
			);
			name = Main.storyboard;
			sourceTree = "<group>";
		};
		84A7A84A2BBF066D008A4CAE /* LaunchScreen.storyboard */ = {
			isa = PBXVariantGroup;
			children = (
				84A7A84B2BBF066D008A4CAE /* Base */,
			);
			name = LaunchScreen.storyboard;
			sourceTree = "<group>";
		};
/* End PBXVariantGroup section */

/* Begin XCBuildConfiguration section */
		84A7A84E2BBF066D008A4CAE /* Debug */ = {
			isa = XCBuildConfiguration;
			buildSettings = {
				ALWAYS_SEARCH_USER_PATHS = NO;
				ASSETCATALOG_COMPILER_GENERATE_SWIFT_ASSET_SYMBOL_EXTENSIONS = YES;
				CLANG_ANALYZER_NONNULL = YES;
				CLANG_ANALYZER_NUMBER_OBJECT_CONVERSION = YES_AGGRESSIVE;
				CLANG_CXX_LANGUAGE_STANDARD = "gnu++20";
				CLANG_ENABLE_MODULES = YES;
				CLANG_ENABLE_OBJC_ARC = YES;
				CLANG_ENABLE_OBJC_WEAK = YES;
				CLANG_WARN_BLOCK_CAPTURE_AUTORELEASING = YES;
				CLANG_WARN_BOOL_CONVERSION = YES;
				CLANG_WARN_COMMA = YES;
				CLANG_WARN_CONSTANT_CONVERSION = YES;
				CLANG_WARN_DEPRECATED_OBJC_IMPLEMENTATIONS = YES;
				CLANG_WARN_DIRECT_OBJC_ISA_USAGE = YES_ERROR;
				CLANG_WARN_DOCUMENTATION_COMMENTS = YES;
				CLANG_WARN_EMPTY_BODY = YES;
				CLANG_WARN_ENUM_CONVERSION = YES;
				CLANG_WARN_INFINITE_RECURSION = YES;
				CLANG_WARN_INT_CONVERSION = YES;
				CLANG_WARN_NON_LITERAL_NULL_CONVERSION = YES;
				CLANG_WARN_OBJC_IMPLICIT_RETAIN_SELF = YES;
				CLANG_WARN_OBJC_LITERAL_CONVERSION = YES;
				CLANG_WARN_OBJC_ROOT_CLASS = YES_ERROR;
				CLANG_WARN_QUOTED_INCLUDE_IN_FRAMEWORK_HEADER = YES;
				CLANG_WARN_RANGE_LOOP_ANALYSIS = YES;
				CLANG_WARN_STRICT_PROTOTYPES = YES;
				CLANG_WARN_SUSPICIOUS_MOVE = YES;
				CLANG_WARN_UNGUARDED_AVAILABILITY = YES_AGGRESSIVE;
				CLANG_WARN_UNREACHABLE_CODE = YES;
				CLANG_WARN__DUPLICATE_METHOD_MATCH = YES;
				COPY_PHASE_STRIP = NO;
				DEBUG_INFORMATION_FORMAT = dwarf;
				ENABLE_STRICT_OBJC_MSGSEND = YES;
				ENABLE_TESTABILITY = YES;
				ENABLE_USER_SCRIPT_SANDBOXING = YES;
				GCC_C_LANGUAGE_STANDARD = gnu17;
				GCC_DYNAMIC_NO_PIC = NO;
				GCC_NO_COMMON_BLOCKS = YES;
				GCC_OPTIMIZATION_LEVEL = 0;
				GCC_PREPROCESSOR_DEFINITIONS = (
					"DEBUG=1",
					"$(inherited)",
				);
				GCC_WARN_64_TO_32_BIT_CONVERSION = YES;
				GCC_WARN_ABOUT_RETURN_TYPE = YES_ERROR;
				GCC_WARN_UNDECLARED_SELECTOR = YES;
				GCC_WARN_UNINITIALIZED_AUTOS = YES_AGGRESSIVE;
				GCC_WARN_UNUSED_FUNCTION = YES;
				GCC_WARN_UNUSED_VARIABLE = YES;
				IPHONEOS_DEPLOYMENT_TARGET = 17.4;
				LOCALIZATION_PREFERS_STRING_CATALOGS = YES;
				MTL_ENABLE_DEBUG_INFO = INCLUDE_SOURCE;
				MTL_FAST_MATH = YES;
				ONLY_ACTIVE_ARCH = YES;
				SDKROOT = iphoneos;
				SWIFT_ACTIVE_COMPILATION_CONDITIONS = "DEBUG $(inherited)";
				SWIFT_OPTIMIZATION_LEVEL = "-Onone";
			};
			name = Debug;
		};
		84A7A84F2BBF066D008A4CAE /* Release */ = {
			isa = XCBuildConfiguration;
			buildSettings = {
				ALWAYS_SEARCH_USER_PATHS = NO;
				ASSETCATALOG_COMPILER_GENERATE_SWIFT_ASSET_SYMBOL_EXTENSIONS = YES;
				CLANG_ANALYZER_NONNULL = YES;
				CLANG_ANALYZER_NUMBER_OBJECT_CONVERSION = YES_AGGRESSIVE;
				CLANG_CXX_LANGUAGE_STANDARD = "gnu++20";
				CLANG_ENABLE_MODULES = YES;
				CLANG_ENABLE_OBJC_ARC = YES;
				CLANG_ENABLE_OBJC_WEAK = YES;
				CLANG_WARN_BLOCK_CAPTURE_AUTORELEASING = YES;
				CLANG_WARN_BOOL_CONVERSION = YES;
				CLANG_WARN_COMMA = YES;
				CLANG_WARN_CONSTANT_CONVERSION = YES;
				CLANG_WARN_DEPRECATED_OBJC_IMPLEMENTATIONS = YES;
				CLANG_WARN_DIRECT_OBJC_ISA_USAGE = YES_ERROR;
				CLANG_WARN_DOCUMENTATION_COMMENTS = YES;
				CLANG_WARN_EMPTY_BODY = YES;
				CLANG_WARN_ENUM_CONVERSION = YES;
				CLANG_WARN_INFINITE_RECURSION = YES;
				CLANG_WARN_INT_CONVERSION = YES;
				CLANG_WARN_NON_LITERAL_NULL_CONVERSION = YES;
				CLANG_WARN_OBJC_IMPLICIT_RETAIN_SELF = YES;
				CLANG_WARN_OBJC_LITERAL_CONVERSION = YES;
				CLANG_WARN_OBJC_ROOT_CLASS = YES_ERROR;
				CLANG_WARN_QUOTED_INCLUDE_IN_FRAMEWORK_HEADER = YES;
				CLANG_WARN_RANGE_LOOP_ANALYSIS = YES;
				CLANG_WARN_STRICT_PROTOTYPES = YES;
				CLANG_WARN_SUSPICIOUS_MOVE = YES;
				CLANG_WARN_UNGUARDED_AVAILABILITY = YES_AGGRESSIVE;
				CLANG_WARN_UNREACHABLE_CODE = YES;
				CLANG_WARN__DUPLICATE_METHOD_MATCH = YES;
				COPY_PHASE_STRIP = NO;
				DEBUG_INFORMATION_FORMAT = "dwarf-with-dsym";
				ENABLE_NS_ASSERTIONS = NO;
				ENABLE_STRICT_OBJC_MSGSEND = YES;
				ENABLE_USER_SCRIPT_SANDBOXING = YES;
				GCC_C_LANGUAGE_STANDARD = gnu17;
				GCC_NO_COMMON_BLOCKS = YES;
				GCC_WARN_64_TO_32_BIT_CONVERSION = YES;
				GCC_WARN_ABOUT_RETURN_TYPE = YES_ERROR;
				GCC_WARN_UNDECLARED_SELECTOR = YES;
				GCC_WARN_UNINITIALIZED_AUTOS = YES_AGGRESSIVE;
				GCC_WARN_UNUSED_FUNCTION = YES;
				GCC_WARN_UNUSED_VARIABLE = YES;
				IPHONEOS_DEPLOYMENT_TARGET = 17.4;
				LOCALIZATION_PREFERS_STRING_CATALOGS = YES;
				MTL_ENABLE_DEBUG_INFO = NO;
				MTL_FAST_MATH = YES;
				SDKROOT = iphoneos;
				SWIFT_COMPILATION_MODE = wholemodule;
				VALIDATE_PRODUCT = YES;
			};
			name = Release;
		};
		84A7A8512BBF066D008A4CAE /* Debug */ = {
			isa = XCBuildConfiguration;
			buildSettings = {
				ASSETCATALOG_COMPILER_APPICON_NAME = AppIcon;
				ASSETCATALOG_COMPILER_GLOBAL_ACCENT_COLOR_NAME = AccentColor;
				CODE_SIGN_STYLE = Automatic;
				CURRENT_PROJECT_VERSION = 1;
				GENERATE_INFOPLIST_FILE = YES;
				INFOPLIST_FILE = AboutMeApp/App/Info.plist;
				INFOPLIST_KEY_UIApplicationSupportsIndirectInputEvents = YES;
				INFOPLIST_KEY_UILaunchStoryboardName = LaunchScreen;
				INFOPLIST_KEY_UIMainStoryboardFile = Main;
				INFOPLIST_KEY_UISupportedInterfaceOrientations = UIInterfaceOrientationPortrait;
				INFOPLIST_KEY_UISupportedInterfaceOrientations_iPad = "UIInterfaceOrientationLandscapeLeft UIInterfaceOrientationLandscapeRight UIInterfaceOrientationPortrait UIInterfaceOrientationPortraitUpsideDown";
				LD_RUNPATH_SEARCH_PATHS = (
					"$(inherited)",
					"@executable_path/Frameworks",
				);
				MARKETING_VERSION = 1.0;
				PRODUCT_BUNDLE_IDENTIFIER = miktaba.AboutMeApp;
				PRODUCT_NAME = "$(TARGET_NAME)";
				SUPPORTED_PLATFORMS = "iphoneos iphonesimulator";
				SUPPORTS_MACCATALYST = NO;
				SUPPORTS_MAC_DESIGNED_FOR_IPHONE_IPAD = NO;
				SUPPORTS_XR_DESIGNED_FOR_IPHONE_IPAD = NO;
				SWIFT_EMIT_LOC_STRINGS = YES;
				SWIFT_VERSION = 5.0;
				TARGETED_DEVICE_FAMILY = 1;
			};
			name = Debug;
		};
		84A7A8522BBF066D008A4CAE /* Release */ = {
			isa = XCBuildConfiguration;
			buildSettings = {
				ASSETCATALOG_COMPILER_APPICON_NAME = AppIcon;
				ASSETCATALOG_COMPILER_GLOBAL_ACCENT_COLOR_NAME = AccentColor;
				CODE_SIGN_STYLE = Automatic;
				CURRENT_PROJECT_VERSION = 1;
				GENERATE_INFOPLIST_FILE = YES;
				INFOPLIST_FILE = AboutMeApp/App/Info.plist;
				INFOPLIST_KEY_UIApplicationSupportsIndirectInputEvents = YES;
				INFOPLIST_KEY_UILaunchStoryboardName = LaunchScreen;
				INFOPLIST_KEY_UIMainStoryboardFile = Main;
				INFOPLIST_KEY_UISupportedInterfaceOrientations = UIInterfaceOrientationPortrait;
				INFOPLIST_KEY_UISupportedInterfaceOrientations_iPad = "UIInterfaceOrientationLandscapeLeft UIInterfaceOrientationLandscapeRight UIInterfaceOrientationPortrait UIInterfaceOrientationPortraitUpsideDown";
				LD_RUNPATH_SEARCH_PATHS = (
					"$(inherited)",
					"@executable_path/Frameworks",
				);
				MARKETING_VERSION = 1.0;
				PRODUCT_BUNDLE_IDENTIFIER = miktaba.AboutMeApp;
				PRODUCT_NAME = "$(TARGET_NAME)";
				SUPPORTED_PLATFORMS = "iphoneos iphonesimulator";
				SUPPORTS_MACCATALYST = NO;
				SUPPORTS_MAC_DESIGNED_FOR_IPHONE_IPAD = NO;
				SUPPORTS_XR_DESIGNED_FOR_IPHONE_IPAD = NO;
				SWIFT_EMIT_LOC_STRINGS = YES;
				SWIFT_VERSION = 5.0;
				TARGETED_DEVICE_FAMILY = 1;
			};
			name = Release;
		};
/* End XCBuildConfiguration section */

/* Begin XCConfigurationList section */
		84A7A8372BBF066B008A4CAE /* Build configuration list for PBXProject "AboutMeApp" */ = {
			isa = XCConfigurationList;
			buildConfigurations = (
				84A7A84E2BBF066D008A4CAE /* Debug */,
				84A7A84F2BBF066D008A4CAE /* Release */,
			);
			defaultConfigurationIsVisible = 0;
			defaultConfigurationName = Release;
		};
		84A7A8502BBF066D008A4CAE /* Build configuration list for PBXNativeTarget "AboutMeApp" */ = {
			isa = XCConfigurationList;
			buildConfigurations = (
				84A7A8512BBF066D008A4CAE /* Debug */,
				84A7A8522BBF066D008A4CAE /* Release */,
			);
			defaultConfigurationIsVisible = 0;
			defaultConfigurationName = Release;
		};
/* End XCConfigurationList section */
	};
	rootObject = 84A7A8342BBF066B008A4CAE /* Project object */;
}
